// !$*UTF8*$!
{
	archiveVersion = 1;
	classes = {
	};
	objectVersion = 51;
	objects = {

/* Begin PBXBuildFile section */
		00F76F8914CDE732D002F588 /* Pods_flixAppUITests.framework in Frameworks */ = {isa = PBXBuildFile; fileRef = 6DF385269FB3FA8E06D23D0B /* Pods_flixAppUITests.framework */; };
		0615E19AF541FC1AAB581465 /* Pods_flixApp.framework in Frameworks */ = {isa = PBXBuildFile; fileRef = 850E473E62A15ED87452272D /* Pods_flixApp.framework */; };
		6EEC9052450AC463F81A3FD4 /* Pods_flixAppTests.framework in Frameworks */ = {isa = PBXBuildFile; fileRef = C402EECA412FD8FF29265B13 /* Pods_flixAppTests.framework */; };
		6F859D7323E21E2300561ECB /* AppDelegate.swift in Sources */ = {isa = PBXBuildFile; fileRef = 6F859D7223E21E2300561ECB /* AppDelegate.swift */; };
		6F859D7523E21E2300561ECB /* moviesViewController.swift in Sources */ = {isa = PBXBuildFile; fileRef = 6F859D7423E21E2300561ECB /* moviesViewController.swift */; };
		6F859D7823E21E2300561ECB /* Main.storyboard in Resources */ = {isa = PBXBuildFile; fileRef = 6F859D7623E21E2300561ECB /* Main.storyboard */; };
		6F859D7A23E21E2400561ECB /* Assets.xcassets in Resources */ = {isa = PBXBuildFile; fileRef = 6F859D7923E21E2400561ECB /* Assets.xcassets */; };
		6F859D7D23E21E2400561ECB /* LaunchScreen.storyboard in Resources */ = {isa = PBXBuildFile; fileRef = 6F859D7B23E21E2400561ECB /* LaunchScreen.storyboard */; };
		6F859D8823E21E2500561ECB /* flixAppTests.swift in Sources */ = {isa = PBXBuildFile; fileRef = 6F859D8723E21E2500561ECB /* flixAppTests.swift */; };
		6F859D9323E21E2500561ECB /* flixAppUITests.swift in Sources */ = {isa = PBXBuildFile; fileRef = 6F859D9223E21E2500561ECB /* flixAppUITests.swift */; };
		6F859DA123E22BF100561ECB /* movieCell.swift in Sources */ = {isa = PBXBuildFile; fileRef = 6F859DA023E22BF100561ECB /* movieCell.swift */; };
		6F859DA323E3BA1100561ECB /* movieDetailsViewController.swift in Sources */ = {isa = PBXBuildFile; fileRef = 6F859DA223E3BA1100561ECB /* movieDetailsViewController.swift */; };
		6F859DA523E3C25C00561ECB /* superHeroMovieViewController.swift in Sources */ = {isa = PBXBuildFile; fileRef = 6F859DA423E3C25C00561ECB /* superHeroMovieViewController.swift */; };
		6F859DA723E3C76900561ECB /* movieGridCollectionViewCell.swift in Sources */ = {isa = PBXBuildFile; fileRef = 6F859DA623E3C76900561ECB /* movieGridCollectionViewCell.swift */; };
/* End PBXBuildFile section */

/* Begin PBXContainerItemProxy section */
		6F859D8423E21E2500561ECB /* PBXContainerItemProxy */ = {
			isa = PBXContainerItemProxy;
			containerPortal = 6F859D6723E21E2300561ECB /* Project object */;
			proxyType = 1;
			remoteGlobalIDString = 6F859D6E23E21E2300561ECB;
			remoteInfo = flixApp;
		};
		6F859D8F23E21E2500561ECB /* PBXContainerItemProxy */ = {
			isa = PBXContainerItemProxy;
			containerPortal = 6F859D6723E21E2300561ECB /* Project object */;
			proxyType = 1;
			remoteGlobalIDString = 6F859D6E23E21E2300561ECB;
			remoteInfo = flixApp;
		};
/* End PBXContainerItemProxy section */

/* Begin PBXFileReference section */
		2184A484F35918A003DA6331 /* Pods-flixApp.release.xcconfig */ = {isa = PBXFileReference; includeInIndex = 1; lastKnownFileType = text.xcconfig; name = "Pods-flixApp.release.xcconfig"; path = "Target Support Files/Pods-flixApp/Pods-flixApp.release.xcconfig"; sourceTree = "<group>"; };
		35D2EA634892F6507E19A7B6 /* Pods-flixAppUITests.release.xcconfig */ = {isa = PBXFileReference; includeInIndex = 1; lastKnownFileType = text.xcconfig; name = "Pods-flixAppUITests.release.xcconfig"; path = "Target Support Files/Pods-flixAppUITests/Pods-flixAppUITests.release.xcconfig"; sourceTree = "<group>"; };
		41EF7566E6FEEC4A41916C62 /* Pods-flixAppUITests.debug.xcconfig */ = {isa = PBXFileReference; includeInIndex = 1; lastKnownFileType = text.xcconfig; name = "Pods-flixAppUITests.debug.xcconfig"; path = "Target Support Files/Pods-flixAppUITests/Pods-flixAppUITests.debug.xcconfig"; sourceTree = "<group>"; };
		609820A16B9FB1D335B0FBFB /* Pods-flixAppTests.release.xcconfig */ = {isa = PBXFileReference; includeInIndex = 1; lastKnownFileType = text.xcconfig; name = "Pods-flixAppTests.release.xcconfig"; path = "Target Support Files/Pods-flixAppTests/Pods-flixAppTests.release.xcconfig"; sourceTree = "<group>"; };
		6DF385269FB3FA8E06D23D0B /* Pods_flixAppUITests.framework */ = {isa = PBXFileReference; explicitFileType = wrapper.framework; includeInIndex = 0; path = Pods_flixAppUITests.framework; sourceTree = BUILT_PRODUCTS_DIR; };
		6F859D6F23E21E2300561ECB /* flixApp.app */ = {isa = PBXFileReference; explicitFileType = wrapper.application; includeInIndex = 0; path = flixApp.app; sourceTree = BUILT_PRODUCTS_DIR; };
		6F859D7223E21E2300561ECB /* AppDelegate.swift */ = {isa = PBXFileReference; lastKnownFileType = sourcecode.swift; path = AppDelegate.swift; sourceTree = "<group>"; };
		6F859D7423E21E2300561ECB /* moviesViewController.swift */ = {isa = PBXFileReference; lastKnownFileType = sourcecode.swift; path = moviesViewController.swift; sourceTree = "<group>"; };
		6F859D7723E21E2300561ECB /* Base */ = {isa = PBXFileReference; lastKnownFileType = file.storyboard; name = Base; path = Base.lproj/Main.storyboard; sourceTree = "<group>"; };
		6F859D7923E21E2400561ECB /* Assets.xcassets */ = {isa = PBXFileReference; lastKnownFileType = folder.assetcatalog; path = Assets.xcassets; sourceTree = "<group>"; };
		6F859D7C23E21E2400561ECB /* Base */ = {isa = PBXFileReference; lastKnownFileType = file.storyboard; name = Base; path = Base.lproj/LaunchScreen.storyboard; sourceTree = "<group>"; };
		6F859D7E23E21E2400561ECB /* Info.plist */ = {isa = PBXFileReference; lastKnownFileType = text.plist.xml; path = Info.plist; sourceTree = "<group>"; };
		6F859D8323E21E2500561ECB /* flixAppTests.xctest */ = {isa = PBXFileReference; explicitFileType = wrapper.cfbundle; includeInIndex = 0; path = flixAppTests.xctest; sourceTree = BUILT_PRODUCTS_DIR; };
		6F859D8723E21E2500561ECB /* flixAppTests.swift */ = {isa = PBXFileReference; lastKnownFileType = sourcecode.swift; path = flixAppTests.swift; sourceTree = "<group>"; };
		6F859D8923E21E2500561ECB /* Info.plist */ = {isa = PBXFileReference; lastKnownFileType = text.plist.xml; path = Info.plist; sourceTree = "<group>"; };
		6F859D8E23E21E2500561ECB /* flixAppUITests.xctest */ = {isa = PBXFileReference; explicitFileType = wrapper.cfbundle; includeInIndex = 0; path = flixAppUITests.xctest; sourceTree = BUILT_PRODUCTS_DIR; };
		6F859D9223E21E2500561ECB /* flixAppUITests.swift */ = {isa = PBXFileReference; lastKnownFileType = sourcecode.swift; path = flixAppUITests.swift; sourceTree = "<group>"; };
		6F859D9423E21E2500561ECB /* Info.plist */ = {isa = PBXFileReference; lastKnownFileType = text.plist.xml; path = Info.plist; sourceTree = "<group>"; };
		6F859DA023E22BF100561ECB /* movieCell.swift */ = {isa = PBXFileReference; lastKnownFileType = sourcecode.swift; path = movieCell.swift; sourceTree = "<group>"; };
		6F859DA223E3BA1100561ECB /* movieDetailsViewController.swift */ = {isa = PBXFileReference; lastKnownFileType = sourcecode.swift; path = movieDetailsViewController.swift; sourceTree = "<group>"; };
		6F859DA423E3C25C00561ECB /* superHeroMovieViewController.swift */ = {isa = PBXFileReference; lastKnownFileType = sourcecode.swift; path = superHeroMovieViewController.swift; sourceTree = "<group>"; };
		6F859DA623E3C76900561ECB /* movieGridCollectionViewCell.swift */ = {isa = PBXFileReference; lastKnownFileType = sourcecode.swift; path = movieGridCollectionViewCell.swift; sourceTree = "<group>"; };
		850E473E62A15ED87452272D /* Pods_flixApp.framework */ = {isa = PBXFileReference; explicitFileType = wrapper.framework; includeInIndex = 0; path = Pods_flixApp.framework; sourceTree = BUILT_PRODUCTS_DIR; };
		AAA3B9781E9DA0A6DB5845A4 /* Pods-flixApp.debug.xcconfig */ = {isa = PBXFileReference; includeInIndex = 1; lastKnownFileType = text.xcconfig; name = "Pods-flixApp.debug.xcconfig"; path = "Target Support Files/Pods-flixApp/Pods-flixApp.debug.xcconfig"; sourceTree = "<group>"; };
		C402EECA412FD8FF29265B13 /* Pods_flixAppTests.framework */ = {isa = PBXFileReference; explicitFileType = wrapper.framework; includeInIndex = 0; path = Pods_flixAppTests.framework; sourceTree = BUILT_PRODUCTS_DIR; };
		F2ED1B1164E2246C429E7D6E /* Pods-flixAppTests.debug.xcconfig */ = {isa = PBXFileReference; includeInIndex = 1; lastKnownFileType = text.xcconfig; name = "Pods-flixAppTests.debug.xcconfig"; path = "Target Support Files/Pods-flixAppTests/Pods-flixAppTests.debug.xcconfig"; sourceTree = "<group>"; };
/* End PBXFileReference section */

/* Begin PBXFrameworksBuildPhase section */
		6F859D6C23E21E2300561ECB /* Frameworks */ = {
			isa = PBXFrameworksBuildPhase;
			buildActionMask = 2147483647;
			files = (
				0615E19AF541FC1AAB581465 /* Pods_flixApp.framework in Frameworks */,
			);
			runOnlyForDeploymentPostprocessing = 0;
		};
		6F859D8023E21E2500561ECB /* Frameworks */ = {
			isa = PBXFrameworksBuildPhase;
			buildActionMask = 2147483647;
			files = (
				6EEC9052450AC463F81A3FD4 /* Pods_flixAppTests.framework in Frameworks */,
			);
			runOnlyForDeploymentPostprocessing = 0;
		};
		6F859D8B23E21E2500561ECB /* Frameworks */ = {
			isa = PBXFrameworksBuildPhase;
			buildActionMask = 2147483647;
			files = (
				00F76F8914CDE732D002F588 /* Pods_flixAppUITests.framework in Frameworks */,
			);
			runOnlyForDeploymentPostprocessing = 0;
		};
/* End PBXFrameworksBuildPhase section */

/* Begin PBXGroup section */
		047D287BAB087CDCAB0FFD69 /* Pods */ = {
			isa = PBXGroup;
			children = (
				AAA3B9781E9DA0A6DB5845A4 /* Pods-flixApp.debug.xcconfig */,
				2184A484F35918A003DA6331 /* Pods-flixApp.release.xcconfig */,
				F2ED1B1164E2246C429E7D6E /* Pods-flixAppTests.debug.xcconfig */,
				609820A16B9FB1D335B0FBFB /* Pods-flixAppTests.release.xcconfig */,
				41EF7566E6FEEC4A41916C62 /* Pods-flixAppUITests.debug.xcconfig */,
				35D2EA634892F6507E19A7B6 /* Pods-flixAppUITests.release.xcconfig */,
			);
			path = Pods;
			sourceTree = "<group>";
		};
		36C67824670A308C5773C90F /* Frameworks */ = {
			isa = PBXGroup;
			children = (
				850E473E62A15ED87452272D /* Pods_flixApp.framework */,
				C402EECA412FD8FF29265B13 /* Pods_flixAppTests.framework */,
				6DF385269FB3FA8E06D23D0B /* Pods_flixAppUITests.framework */,
			);
			name = Frameworks;
			sourceTree = "<group>";
		};
		6F859D6623E21E2300561ECB = {
			isa = PBXGroup;
			children = (
				6F859D7123E21E2300561ECB /* flixApp */,
				6F859D8623E21E2500561ECB /* flixAppTests */,
				6F859D9123E21E2500561ECB /* flixAppUITests */,
				6F859D7023E21E2300561ECB /* Products */,
				047D287BAB087CDCAB0FFD69 /* Pods */,
				36C67824670A308C5773C90F /* Frameworks */,
			);
			sourceTree = "<group>";
		};
		6F859D7023E21E2300561ECB /* Products */ = {
			isa = PBXGroup;
			children = (
				6F859D6F23E21E2300561ECB /* flixApp.app */,
				6F859D8323E21E2500561ECB /* flixAppTests.xctest */,
				6F859D8E23E21E2500561ECB /* flixAppUITests.xctest */,
			);
			name = Products;
			sourceTree = "<group>";
		};
		6F859D7123E21E2300561ECB /* flixApp */ = {
			isa = PBXGroup;
			children = (
				6F859D7223E21E2300561ECB /* AppDelegate.swift */,
				6F859D7423E21E2300561ECB /* moviesViewController.swift */,
				6F859D7623E21E2300561ECB /* Main.storyboard */,
				6F859DA623E3C76900561ECB /* movieGridCollectionViewCell.swift */,
				6F859DA423E3C25C00561ECB /* superHeroMovieViewController.swift */,
				6F859DA223E3BA1100561ECB /* movieDetailsViewController.swift */,
				6F859DA023E22BF100561ECB /* movieCell.swift */,
				6F859D7923E21E2400561ECB /* Assets.xcassets */,
				6F859D7B23E21E2400561ECB /* LaunchScreen.storyboard */,
				6F859D7E23E21E2400561ECB /* Info.plist */,
			);
			path = flixApp;
			sourceTree = "<group>";
		};
		6F859D8623E21E2500561ECB /* flixAppTests */ = {
			isa = PBXGroup;
			children = (
				6F859D8723E21E2500561ECB /* flixAppTests.swift */,
				6F859D8923E21E2500561ECB /* Info.plist */,
			);
			path = flixAppTests;
			sourceTree = "<group>";
		};
		6F859D9123E21E2500561ECB /* flixAppUITests */ = {
			isa = PBXGroup;
			children = (
				6F859D9223E21E2500561ECB /* flixAppUITests.swift */,
				6F859D9423E21E2500561ECB /* Info.plist */,
			);
			path = flixAppUITests;
			sourceTree = "<group>";
		};
/* End PBXGroup section */

/* Begin PBXNativeTarget section */
		6F859D6E23E21E2300561ECB /* flixApp */ = {
			isa = PBXNativeTarget;
			buildConfigurationList = 6F859D9723E21E2500561ECB /* Build configuration list for PBXNativeTarget "flixApp" */;
			buildPhases = (
				0A9F08C4B28F280B27BD6A50 /* [CP] Check Pods Manifest.lock */,
				6F859D6B23E21E2300561ECB /* Sources */,
				6F859D6C23E21E2300561ECB /* Frameworks */,
				6F859D6D23E21E2300561ECB /* Resources */,
				96E6446AD5E35B4595AA70B5 /* [CP] Embed Pods Frameworks */,
			);
			buildRules = (
			);
			dependencies = (
			);
			name = flixApp;
			productName = flixApp;
			productReference = 6F859D6F23E21E2300561ECB /* flixApp.app */;
			productType = "com.apple.product-type.application";
		};
		6F859D8223E21E2500561ECB /* flixAppTests */ = {
			isa = PBXNativeTarget;
			buildConfigurationList = 6F859D9A23E21E2500561ECB /* Build configuration list for PBXNativeTarget "flixAppTests" */;
			buildPhases = (
				CD267E7F79E18744535E009C /* [CP] Check Pods Manifest.lock */,
				6F859D7F23E21E2500561ECB /* Sources */,
				6F859D8023E21E2500561ECB /* Frameworks */,
				6F859D8123E21E2500561ECB /* Resources */,
			);
			buildRules = (
			);
			dependencies = (
				6F859D8523E21E2500561ECB /* PBXTargetDependency */,
			);
			name = flixAppTests;
			productName = flixAppTests;
			productReference = 6F859D8323E21E2500561ECB /* flixAppTests.xctest */;
			productType = "com.apple.product-type.bundle.unit-test";
		};
		6F859D8D23E21E2500561ECB /* flixAppUITests */ = {
			isa = PBXNativeTarget;
			buildConfigurationList = 6F859D9D23E21E2500561ECB /* Build configuration list for PBXNativeTarget "flixAppUITests" */;
			buildPhases = (
				C4DDDECFB38060790CD1DE5D /* [CP] Check Pods Manifest.lock */,
				6F859D8A23E21E2500561ECB /* Sources */,
				6F859D8B23E21E2500561ECB /* Frameworks */,
				6F859D8C23E21E2500561ECB /* Resources */,
			);
			buildRules = (
			);
			dependencies = (
				6F859D9023E21E2500561ECB /* PBXTargetDependency */,
			);
			name = flixAppUITests;
			productName = flixAppUITests;
			productReference = 6F859D8E23E21E2500561ECB /* flixAppUITests.xctest */;
			productType = "com.apple.product-type.bundle.ui-testing";
		};
/* End PBXNativeTarget section */

/* Begin PBXProject section */
		6F859D6723E21E2300561ECB /* Project object */ = {
			isa = PBXProject;
			attributes = {
				LastSwiftUpdateCheck = 1010;
				LastUpgradeCheck = 1010;
				ORGANIZATIONNAME = eventFind;
				TargetAttributes = {
					6F859D6E23E21E2300561ECB = {
						CreatedOnToolsVersion = 10.1;
					};
					6F859D8223E21E2500561ECB = {
						CreatedOnToolsVersion = 10.1;
						TestTargetID = 6F859D6E23E21E2300561ECB;
					};
					6F859D8D23E21E2500561ECB = {
						CreatedOnToolsVersion = 10.1;
						TestTargetID = 6F859D6E23E21E2300561ECB;
					};
				};
			};
			buildConfigurationList = 6F859D6A23E21E2300561ECB /* Build configuration list for PBXProject "flixApp" */;
			compatibilityVersion = "Xcode 9.3";
			developmentRegion = en;
			hasScannedForEncodings = 0;
			knownRegions = (
				en,
				Base,
			);
			mainGroup = 6F859D6623E21E2300561ECB;
			productRefGroup = 6F859D7023E21E2300561ECB /* Products */;
			projectDirPath = "";
			projectRoot = "";
			targets = (
				6F859D6E23E21E2300561ECB /* flixApp */,
				6F859D8223E21E2500561ECB /* flixAppTests */,
				6F859D8D23E21E2500561ECB /* flixAppUITests */,
			);
		};
/* End PBXProject section */

/* Begin PBXResourcesBuildPhase section */
		6F859D6D23E21E2300561ECB /* Resources */ = {
			isa = PBXResourcesBuildPhase;
			buildActionMask = 2147483647;
			files = (
				6F859D7D23E21E2400561ECB /* LaunchScreen.storyboard in Resources */,
				6F859D7A23E21E2400561ECB /* Assets.xcassets in Resources */,
				6F859D7823E21E2300561ECB /* Main.storyboard in Resources */,
			);
			runOnlyForDeploymentPostprocessing = 0;
		};
		6F859D8123E21E2500561ECB /* Resources */ = {
			isa = PBXResourcesBuildPhase;
			buildActionMask = 2147483647;
			files = (
			);
			runOnlyForDeploymentPostprocessing = 0;
		};
		6F859D8C23E21E2500561ECB /* Resources */ = {
			isa = PBXResourcesBuildPhase;
			buildActionMask = 2147483647;
			files = (
			);
			runOnlyForDeploymentPostprocessing = 0;
		};
/* End PBXResourcesBuildPhase section */

/* Begin PBXShellScriptBuildPhase section */
		0A9F08C4B28F280B27BD6A50 /* [CP] Check Pods Manifest.lock */ = {
			isa = PBXShellScriptBuildPhase;
			buildActionMask = 2147483647;
			files = (
			);
			inputFileListPaths = (
			);
			inputPaths = (
				"${PODS_PODFILE_DIR_PATH}/Podfile.lock",
				"${PODS_ROOT}/Manifest.lock",
			);
			name = "[CP] Check Pods Manifest.lock";
			outputFileListPaths = (
			);
			outputPaths = (
				"$(DERIVED_FILE_DIR)/Pods-flixApp-checkManifestLockResult.txt",
			);
			runOnlyForDeploymentPostprocessing = 0;
			shellPath = /bin/sh;
			shellScript = "diff \"${PODS_PODFILE_DIR_PATH}/Podfile.lock\" \"${PODS_ROOT}/Manifest.lock\" > /dev/null\nif [ $? != 0 ] ; then\n    # print error to STDERR\n    echo \"error: The sandbox is not in sync with the Podfile.lock. Run 'pod install' or update your CocoaPods installation.\" >&2\n    exit 1\nfi\n# This output is used by Xcode 'outputs' to avoid re-running this script phase.\necho \"SUCCESS\" > \"${SCRIPT_OUTPUT_FILE_0}\"\n";
			showEnvVarsInLog = 0;
		};
		96E6446AD5E35B4595AA70B5 /* [CP] Embed Pods Frameworks */ = {
			isa = PBXShellScriptBuildPhase;
			buildActionMask = 2147483647;
			files = (
			);
			inputFileListPaths = (
				"${PODS_ROOT}/Target Support Files/Pods-flixApp/Pods-flixApp-frameworks-${CONFIGURATION}-input-files.xcfilelist",
			);
			name = "[CP] Embed Pods Frameworks";
			outputFileListPaths = (
				"${PODS_ROOT}/Target Support Files/Pods-flixApp/Pods-flixApp-frameworks-${CONFIGURATION}-output-files.xcfilelist",
			);
			runOnlyForDeploymentPostprocessing = 0;
			shellPath = /bin/sh;
			shellScript = "\"${PODS_ROOT}/Target Support Files/Pods-flixApp/Pods-flixApp-frameworks.sh\"\n";
			showEnvVarsInLog = 0;
		};
		C4DDDECFB38060790CD1DE5D /* [CP] Check Pods Manifest.lock */ = {
			isa = PBXShellScriptBuildPhase;
			buildActionMask = 2147483647;
			files = (
			);
			inputFileListPaths = (
			);
			inputPaths = (
				"${PODS_PODFILE_DIR_PATH}/Podfile.lock",
				"${PODS_ROOT}/Manifest.lock",
			);
			name = "[CP] Check Pods Manifest.lock";
			outputFileListPaths = (
			);
			outputPaths = (
				"$(DERIVED_FILE_DIR)/Pods-flixAppUITests-checkManifestLockResult.txt",
			);
			runOnlyForDeploymentPostprocessing = 0;
			shellPath = /bin/sh;
			shellScript = "diff \"${PODS_PODFILE_DIR_PATH}/Podfile.lock\" \"${PODS_ROOT}/Manifest.lock\" > /dev/null\nif [ $? != 0 ] ; then\n    # print error to STDERR\n    echo \"error: The sandbox is not in sync with the Podfile.lock. Run 'pod install' or update your CocoaPods installation.\" >&2\n    exit 1\nfi\n# This output is used by Xcode 'outputs' to avoid re-running this script phase.\necho \"SUCCESS\" > \"${SCRIPT_OUTPUT_FILE_0}\"\n";
			showEnvVarsInLog = 0;
		};
		CD267E7F79E18744535E009C /* [CP] Check Pods Manifest.lock */ = {
			isa = PBXShellScriptBuildPhase;
			buildActionMask = 2147483647;
			files = (
			);
			inputFileListPaths = (
			);
			inputPaths = (
				"${PODS_PODFILE_DIR_PATH}/Podfile.lock",
				"${PODS_ROOT}/Manifest.lock",
			);
			name = "[CP] Check Pods Manifest.lock";
			outputFileListPaths = (
			);
			outputPaths = (
				"$(DERIVED_FILE_DIR)/Pods-flixAppTests-checkManifestLockResult.txt",
			);
			runOnlyForDeploymentPostprocessing = 0;
			shellPath = /bin/sh;
			shellScript = "diff \"${PODS_PODFILE_DIR_PATH}/Podfile.lock\" \"${PODS_ROOT}/Manifest.lock\" > /dev/null\nif [ $? != 0 ] ; then\n    # print error to STDERR\n    echo \"error: The sandbox is not in sync with the Podfile.lock. Run 'pod install' or update your CocoaPods installation.\" >&2\n    exit 1\nfi\n# This output is used by Xcode 'outputs' to avoid re-running this script phase.\necho \"SUCCESS\" > \"${SCRIPT_OUTPUT_FILE_0}\"\n";
			showEnvVarsInLog = 0;
		};
/* End PBXShellScriptBuildPhase section */

/* Begin PBXSourcesBuildPhase section */
		6F859D6B23E21E2300561ECB /* Sources */ = {
			isa = PBXSourcesBuildPhase;
			buildActionMask = 2147483647;
			files = (
				6F859DA323E3BA1100561ECB /* movieDetailsViewController.swift in Sources */,
				6F859DA523E3C25C00561ECB /* superHeroMovieViewController.swift in Sources */,
				6F859DA123E22BF100561ECB /* movieCell.swift in Sources */,
				6F859D7523E21E2300561ECB /* moviesViewController.swift in Sources */,
				6F859D7323E21E2300561ECB /* AppDelegate.swift in Sources */,
				6F859DA723E3C76900561ECB /* movieGridCollectionViewCell.swift in Sources */,
			);
			runOnlyForDeploymentPostprocessing = 0;
		};
		6F859D7F23E21E2500561ECB /* Sources */ = {
			isa = PBXSourcesBuildPhase;
			buildActionMask = 2147483647;
			files = (
				6F859D8823E21E2500561ECB /* flixAppTests.swift in Sources */,
			);
			runOnlyForDeploymentPostprocessing = 0;
		};
		6F859D8A23E21E2500561ECB /* Sources */ = {
			isa = PBXSourcesBuildPhase;
			buildActionMask = 2147483647;
			files = (
				6F859D9323E21E2500561ECB /* flixAppUITests.swift in Sources */,
			);
			runOnlyForDeploymentPostprocessing = 0;
		};
/* End PBXSourcesBuildPhase section */

/* Begin PBXTargetDependency section */
		6F859D8523E21E2500561ECB /* PBXTargetDependency */ = {
			isa = PBXTargetDependency;
			target = 6F859D6E23E21E2300561ECB /* flixApp */;
			targetProxy = 6F859D8423E21E2500561ECB /* PBXContainerItemProxy */;
		};
		6F859D9023E21E2500561ECB /* PBXTargetDependency */ = {
			isa = PBXTargetDependency;
			target = 6F859D6E23E21E2300561ECB /* flixApp */;
			targetProxy = 6F859D8F23E21E2500561ECB /* PBXContainerItemProxy */;
		};
/* End PBXTargetDependency section */

/* Begin PBXVariantGroup section */
		6F859D7623E21E2300561ECB /* Main.storyboard */ = {
			isa = PBXVariantGroup;
			children = (
				6F859D7723E21E2300561ECB /* Base */,
			);
			name = Main.storyboard;
			sourceTree = "<group>";
		};
		6F859D7B23E21E2400561ECB /* LaunchScreen.storyboard */ = {
			isa = PBXVariantGroup;
			children = (
				6F859D7C23E21E2400561ECB /* Base */,
			);
			name = LaunchScreen.storyboard;
			sourceTree = "<group>";
		};
/* End PBXVariantGroup section */

/* Begin XCBuildConfiguration section */
		6F859D9523E21E2500561ECB /* Debug */ = {
			isa = XCBuildConfiguration;
			buildSettings = {
				ALWAYS_SEARCH_USER_PATHS = NO;
				CLANG_ANALYZER_NONNULL = YES;
				CLANG_ANALYZER_NUMBER_OBJECT_CONVERSION = YES_AGGRESSIVE;
				CLANG_CXX_LANGUAGE_STANDARD = "gnu++14";
				CLANG_CXX_LIBRARY = "libc++";
				CLANG_ENABLE_MODULES = YES;
				CLANG_ENABLE_OBJC_ARC = YES;
				CLANG_ENABLE_OBJC_WEAK = YES;
				CLANG_WARN_BLOCK_CAPTURE_AUTORELEASING = YES;
				CLANG_WARN_BOOL_CONVERSION = YES;
				CLANG_WARN_COMMA = YES;
				CLANG_WARN_CONSTANT_CONVERSION = YES;
				CLANG_WARN_DEPRECATED_OBJC_IMPLEMENTATIONS = YES;
				CLANG_WARN_DIRECT_OBJC_ISA_USAGE = YES_ERROR;
				CLANG_WARN_DOCUMENTATION_COMMENTS = YES;
				CLANG_WARN_EMPTY_BODY = YES;
				CLANG_WARN_ENUM_CONVERSION = YES;
				CLANG_WARN_INFINITE_RECURSION = YES;
				CLANG_WARN_INT_CONVERSION = YES;
				CLANG_WARN_NON_LITERAL_NULL_CONVERSION = YES;
				CLANG_WARN_OBJC_IMPLICIT_RETAIN_SELF = YES;
				CLANG_WARN_OBJC_LITERAL_CONVERSION = YES;
				CLANG_WARN_OBJC_ROOT_CLASS = YES_ERROR;
				CLANG_WARN_RANGE_LOOP_ANALYSIS = YES;
				CLANG_WARN_STRICT_PROTOTYPES = YES;
				CLANG_WARN_SUSPICIOUS_MOVE = YES;
				CLANG_WARN_UNGUARDED_AVAILABILITY = YES_AGGRESSIVE;
				CLANG_WARN_UNREACHABLE_CODE = YES;
				CLANG_WARN__DUPLICATE_METHOD_MATCH = YES;
				CODE_SIGN_IDENTITY = "iPhone Developer";
				COPY_PHASE_STRIP = NO;
				DEBUG_INFORMATION_FORMAT = dwarf;
				ENABLE_STRICT_OBJC_MSGSEND = YES;
				ENABLE_TESTABILITY = YES;
				GCC_C_LANGUAGE_STANDARD = gnu11;
				GCC_DYNAMIC_NO_PIC = NO;
				GCC_NO_COMMON_BLOCKS = YES;
				GCC_OPTIMIZATION_LEVEL = 0;
				GCC_PREPROCESSOR_DEFINITIONS = (
					"DEBUG=1",
					"$(inherited)",
				);
				GCC_WARN_64_TO_32_BIT_CONVERSION = YES;
				GCC_WARN_ABOUT_RETURN_TYPE = YES_ERROR;
				GCC_WARN_UNDECLARED_SELECTOR = YES;
				GCC_WARN_UNINITIALIZED_AUTOS = YES_AGGRESSIVE;
				GCC_WARN_UNUSED_FUNCTION = YES;
				GCC_WARN_UNUSED_VARIABLE = YES;
				IPHONEOS_DEPLOYMENT_TARGET = 12.1;
				MTL_ENABLE_DEBUG_INFO = INCLUDE_SOURCE;
				MTL_FAST_MATH = YES;
				ONLY_ACTIVE_ARCH = YES;
				SDKROOT = iphoneos;
				SWIFT_ACTIVE_COMPILATION_CONDITIONS = DEBUG;
				SWIFT_OPTIMIZATION_LEVEL = "-Onone";
			};
			name = Debug;
		};
		6F859D9623E21E2500561ECB /* Release */ = {
			isa = XCBuildConfiguration;
			buildSettings = {
				ALWAYS_SEARCH_USER_PATHS = NO;
				CLANG_ANALYZER_NONNULL = YES;
				CLANG_ANALYZER_NUMBER_OBJECT_CONVERSION = YES_AGGRESSIVE;
				CLANG_CXX_LANGUAGE_STANDARD = "gnu++14";
				CLANG_CXX_LIBRARY = "libc++";
				CLANG_ENABLE_MODULES = YES;
				CLANG_ENABLE_OBJC_ARC = YES;
				CLANG_ENABLE_OBJC_WEAK = YES;
				CLANG_WARN_BLOCK_CAPTURE_AUTORELEASING = YES;
				CLANG_WARN_BOOL_CONVERSION = YES;
				CLANG_WARN_COMMA = YES;
				CLANG_WARN_CONSTANT_CONVERSION = YES;
				CLANG_WARN_DEPRECATED_OBJC_IMPLEMENTATIONS = YES;
				CLANG_WARN_DIRECT_OBJC_ISA_USAGE = YES_ERROR;
				CLANG_WARN_DOCUMENTATION_COMMENTS = YES;
				CLANG_WARN_EMPTY_BODY = YES;
				CLANG_WARN_ENUM_CONVERSION = YES;
				CLANG_WARN_INFINITE_RECURSION = YES;
				CLANG_WARN_INT_CONVERSION = YES;
				CLANG_WARN_NON_LITERAL_NULL_CONVERSION = YES;
				CLANG_WARN_OBJC_IMPLICIT_RETAIN_SELF = YES;
				CLANG_WARN_OBJC_LITERAL_CONVERSION = YES;
				CLANG_WARN_OBJC_ROOT_CLASS = YES_ERROR;
				CLANG_WARN_RANGE_LOOP_ANALYSIS = YES;
				CLANG_WARN_STRICT_PROTOTYPES = YES;
				CLANG_WARN_SUSPICIOUS_MOVE = YES;
				CLANG_WARN_UNGUARDED_AVAILABILITY = YES_AGGRESSIVE;
				CLANG_WARN_UNREACHABLE_CODE = YES;
				CLANG_WARN__DUPLICATE_METHOD_MATCH = YES;
				CODE_SIGN_IDENTITY = "iPhone Developer";
				COPY_PHASE_STRIP = NO;
				DEBUG_INFORMATION_FORMAT = "dwarf-with-dsym";
				ENABLE_NS_ASSERTIONS = NO;
				ENABLE_STRICT_OBJC_MSGSEND = YES;
				GCC_C_LANGUAGE_STANDARD = gnu11;
				GCC_NO_COMMON_BLOCKS = YES;
				GCC_WARN_64_TO_32_BIT_CONVERSION = YES;
				GCC_WARN_ABOUT_RETURN_TYPE = YES_ERROR;
				GCC_WARN_UNDECLARED_SELECTOR = YES;
				GCC_WARN_UNINITIALIZED_AUTOS = YES_AGGRESSIVE;
				GCC_WARN_UNUSED_FUNCTION = YES;
				GCC_WARN_UNUSED_VARIABLE = YES;
				IPHONEOS_DEPLOYMENT_TARGET = 12.1;
				MTL_ENABLE_DEBUG_INFO = NO;
				MTL_FAST_MATH = YES;
				SDKROOT = iphoneos;
				SWIFT_COMPILATION_MODE = wholemodule;
				SWIFT_OPTIMIZATION_LEVEL = "-O";
				VALIDATE_PRODUCT = YES;
			};
			name = Release;
		};
		6F859D9823E21E2500561ECB /* Debug */ = {
			isa = XCBuildConfiguration;
			baseConfigurationReference = AAA3B9781E9DA0A6DB5845A4 /* Pods-flixApp.debug.xcconfig */;
			buildSettings = {
				ASSETCATALOG_COMPILER_APPICON_NAME = AppIcon;
				CODE_SIGN_STYLE = Automatic;
				INFOPLIST_FILE = flixApp/Info.plist;
				LD_RUNPATH_SEARCH_PATHS = (
					"$(inherited)",
					"@executable_path/Frameworks",
				);
				PRODUCT_BUNDLE_IDENTIFIER = co.MubarekMussa.flixApp;
				PRODUCT_NAME = "$(TARGET_NAME)";
				SWIFT_VERSION = 4.2;
				TARGETED_DEVICE_FAMILY = "1,2";
			};
			name = Debug;
		};
		6F859D9923E21E2500561ECB /* Release */ = {
			isa = XCBuildConfiguration;
			baseConfigurationReference = 2184A484F35918A003DA6331 /* Pods-flixApp.release.xcconfig */;
			buildSettings = {
				ASSETCATALOG_COMPILER_APPICON_NAME = AppIcon;
				CODE_SIGN_STYLE = Automatic;
				INFOPLIST_FILE = flixApp/Info.plist;
				LD_RUNPATH_SEARCH_PATHS = (
					"$(inherited)",
					"@executable_path/Frameworks",
				);
				PRODUCT_BUNDLE_IDENTIFIER = co.MubarekMussa.flixApp;
				PRODUCT_NAME = "$(TARGET_NAME)";
				SWIFT_VERSION = 4.2;
				TARGETED_DEVICE_FAMILY = "1,2";
			};
			name = Release;
		};
		6F859D9B23E21E2500561ECB /* Debug */ = {
			isa = XCBuildConfiguration;
			baseConfigurationReference = F2ED1B1164E2246C429E7D6E /* Pods-flixAppTests.debug.xcconfig */;
			buildSettings = {
				ALWAYS_EMBED_SWIFT_STANDARD_LIBRARIES = YES;
				BUNDLE_LOADER = "$(TEST_HOST)";
				CODE_SIGN_STYLE = Automatic;
				INFOPLIST_FILE = flixAppTests/Info.plist;
				LD_RUNPATH_SEARCH_PATHS = (
					"$(inherited)",
					"@executable_path/Frameworks",
					"@loader_path/Frameworks",
				);
				PRODUCT_BUNDLE_IDENTIFIER = co.MubarekMussa.flixAppTests;
				PRODUCT_NAME = "$(TARGET_NAME)";
				SWIFT_VERSION = 4.2;
				TARGETED_DEVICE_FAMILY = "1,2";
				TEST_HOST = "$(BUILT_PRODUCTS_DIR)/flixApp.app/flixApp";
			};
			name = Debug;
		};
		6F859D9C23E21E2500561ECB /* Release */ = {
			isa = XCBuildConfiguration;
			baseConfigurationReference = 609820A16B9FB1D335B0FBFB /* Pods-flixAppTests.release.xcconfig */;
			buildSettings = {
				ALWAYS_EMBED_SWIFT_STANDARD_LIBRARIES = YES;
				BUNDLE_LOADER = "$(TEST_HOST)";
				CODE_SIGN_STYLE = Automatic;
				INFOPLIST_FILE = flixAppTests/Info.plist;
				LD_RUNPATH_SEARCH_PATHS = (
					"$(inherited)",
					"@executable_path/Frameworks",
					"@loader_path/Frameworks",
				);
				PRODUCT_BUNDLE_IDENTIFIER = co.MubarekMussa.flixAppTests;
				PRODUCT_NAME = "$(TARGET_NAME)";
				SWIFT_VERSION = 4.2;
				TARGETED_DEVICE_FAMILY = "1,2";
				TEST_HOST = "$(BUILT_PRODUCTS_DIR)/flixApp.app/flixApp";
			};
			name = Release;
		};
		6F859D9E23E21E2500561ECB /* Debug */ = {
			isa = XCBuildConfiguration;
			baseConfigurationReference = 41EF7566E6FEEC4A41916C62 /* Pods-flixAppUITests.debug.xcconfig */;
			buildSettings = {
				ALWAYS_EMBED_SWIFT_STANDARD_LIBRARIES = YES;
				CODE_SIGN_STYLE = Automatic;
				INFOPLIST_FILE = flixAppUITests/Info.plist;
				LD_RUNPATH_SEARCH_PATHS = (
					"$(inherited)",
					"@executable_path/Frameworks",
					"@loader_path/Frameworks",
				);
				PRODUCT_BUNDLE_IDENTIFIER = co.MubarekMussa.flixAppUITests;
				PRODUCT_NAME = "$(TARGET_NAME)";
				SWIFT_VERSION = 4.2;
				TARGETED_DEVICE_FAMILY = "1,2";
				TEST_TARGET_NAME = flixApp;
			};
			name = Debug;
		};
		6F859D9F23E21E2500561ECB /* Release */ = {
			isa = XCBuildConfiguration;
			baseConfigurationReference = 35D2EA634892F6507E19A7B6 /* Pods-flixAppUITests.release.xcconfig */;
			buildSettings = {
				ALWAYS_EMBED_SWIFT_STANDARD_LIBRARIES = YES;
				CODE_SIGN_STYLE = Automatic;
				INFOPLIST_FILE = flixAppUITests/Info.plist;
				LD_RUNPATH_SEARCH_PATHS = (
					"$(inherited)",
					"@executable_path/Frameworks",
					"@loader_path/Frameworks",
				);
				PRODUCT_BUNDLE_IDENTIFIER = co.MubarekMussa.flixAppUITests;
				PRODUCT_NAME = "$(TARGET_NAME)";
				SWIFT_VERSION = 4.2;
				TARGETED_DEVICE_FAMILY = "1,2";
				TEST_TARGET_NAME = flixApp;
			};
			name = Release;
		};
/* End XCBuildConfiguration section */

/* Begin XCConfigurationList section */
		6F859D6A23E21E2300561ECB /* Build configuration list for PBXProject "flixApp" */ = {
			isa = XCConfigurationList;
			buildConfigurations = (
				6F859D9523E21E2500561ECB /* Debug */,
				6F859D9623E21E2500561ECB /* Release */,
			);
			defaultConfigurationIsVisible = 0;
			defaultConfigurationName = Release;
		};
		6F859D9723E21E2500561ECB /* Build configuration list for PBXNativeTarget "flixApp" */ = {
			isa = XCConfigurationList;
			buildConfigurations = (
				6F859D9823E21E2500561ECB /* Debug */,
				6F859D9923E21E2500561ECB /* Release */,
			);
			defaultConfigurationIsVisible = 0;
			defaultConfigurationName = Release;
		};
		6F859D9A23E21E2500561ECB /* Build configuration list for PBXNativeTarget "flixAppTests" */ = {
			isa = XCConfigurationList;
			buildConfigurations = (
				6F859D9B23E21E2500561ECB /* Debug */,
				6F859D9C23E21E2500561ECB /* Release */,
			);
			defaultConfigurationIsVisible = 0;
			defaultConfigurationName = Release;
		};
		6F859D9D23E21E2500561ECB /* Build configuration list for PBXNativeTarget "flixAppUITests" */ = {
			isa = XCConfigurationList;
			buildConfigurations = (
				6F859D9E23E21E2500561ECB /* Debug */,
				6F859D9F23E21E2500561ECB /* Release */,
			);
			defaultConfigurationIsVisible = 0;
			defaultConfigurationName = Release;
		};
/* End XCConfigurationList section */
	};
	rootObject = 6F859D6723E21E2300561ECB /* Project object */;
}
